
Microsoft Visual Studio Solution File, Format Version 12.00
# Visual Studio 14
VisualStudioVersion = 14.0.23107.0
MinimumVisualStudioVersion = 10.0.40219.1
Project("{2150E333-8FDC-42A3-9474-1A3956D46DE8}") = "src", "src", "{617114E7-7024-417D-8766-78A0A7E226AA}"
EndProject
Project("{2150E333-8FDC-42A3-9474-1A3956D46DE8}") = "Solution Items", "Solution Items", "{241496A7-3A2C-4A88-82DF-D1F2647E5CFC}"
	ProjectSection(SolutionItems) = preProject
		global.json = global.json
	EndProjectSection
EndProject
Project("{FAE04EC0-301F-11D3-BF4B-00C04F79EFBC}") = "RikPronk.FileUpload", "src\RikPronk.FileUpload\RikPronk.FileUpload.csproj", "{36C6D16A-E9D0-4087-BAAB-2A307B3B0E8E}"
EndProject
Project("{FAE04EC0-301F-11D3-BF4B-00C04F79EFBC}") = "RikPronk.FileUpload.Sample", "src\RikPronk.FileUpload.Sample\RikPronk.FileUpload.Sample.csproj", "{EA04781D-C2FA-4CB9-9D1C-AC2A0933385E}"
EndProject
Global
	GlobalSection(SolutionConfigurationPlatforms) = preSolution
		Debug|Any CPU = Debug|Any CPU
		Release|Any CPU = Release|Any CPU
	EndGlobalSection
	GlobalSection(ProjectConfigurationPlatforms) = postSolution
		{36C6D16A-E9D0-4087-BAAB-2A307B3B0E8E}.Debug|Any CPU.ActiveCfg = Debug|Any CPU
		{36C6D16A-E9D0-4087-BAAB-2A307B3B0E8E}.Debug|Any CPU.Build.0 = Debug|Any CPU
		{36C6D16A-E9D0-4087-BAAB-2A307B3B0E8E}.Release|Any CPU.ActiveCfg = Release|Any CPU
		{36C6D16A-E9D0-4087-BAAB-2A307B3B0E8E}.Release|Any CPU.Build.0 = Release|Any CPU
		{EA04781D-C2FA-4CB9-9D1C-AC2A0933385E}.Debug|Any CPU.ActiveCfg = Debug|Any CPU
		{EA04781D-C2FA-4CB9-9D1C-AC2A0933385E}.Debug|Any CPU.Build.0 = Debug|Any CPU
		{EA04781D-C2FA-4CB9-9D1C-AC2A0933385E}.Release|Any CPU.ActiveCfg = Release|Any CPU
		{EA04781D-C2FA-4CB9-9D1C-AC2A0933385E}.Release|Any CPU.Build.0 = Release|Any CPU
	EndGlobalSection
	GlobalSection(SolutionProperties) = preSolution
		HideSolutionNode = FALSE
	EndGlobalSection
	GlobalSection(NestedProjects) = preSolution
		{36C6D16A-E9D0-4087-BAAB-2A307B3B0E8E} = {617114E7-7024-417D-8766-78A0A7E226AA}
		{EA04781D-C2FA-4CB9-9D1C-AC2A0933385E} = {617114E7-7024-417D-8766-78A0A7E226AA}
	EndGlobalSection
EndGlobal
